
Microsoft Visual Studio Solution File, Format Version 12.00
# Visual Studio Version 17
VisualStudioVersion = 17.12.35707.178
MinimumVisualStudioVersion = 10.0.40219.1
Project("{2150E333-8FDC-42A3-9474-1A3956D46DE8}") = "Services", "Services", "{02EA681E-C7D8-13C7-8484-4AC65E1B71E8}"
EndProject
Project("{2150E333-8FDC-42A3-9474-1A3956D46DE8}") = "Catalog", "Catalog", "{F6578EF7-A884-411A-A4D7-68F748A1E411}"
EndProject
Project("{FAE04EC0-301F-11D3-BF4B-00C04F79EFBC}") = "Catalog.API", "Services\Catalog\Catalog.API\Catalog.API.csproj", "{62CE5B18-8B76-4A4C-A265-9B579EA1E364}"
EndProject
Project("{2150E333-8FDC-42A3-9474-1A3956D46DE8}") = "Solution Items", "Solution Items", "{8DE51486-C670-4433-976A-E044C38A9C7D}"
	ProjectSection(SolutionItems) = preProject
		Directory.Packages.props = Directory.Packages.props
	EndProjectSection
EndProject
Project("{2150E333-8FDC-42A3-9474-1A3956D46DE8}") = "BuildingBlocks", "BuildingBlocks", "{2C794D28-5DF7-4B1D-BDAA-98F7E24B1F78}"
EndProject
Project("{FAE04EC0-301F-11D3-BF4B-00C04F79EFBC}") = "BuildingBlocks", "BuildingBlocks\BuildingBlocks\BuildingBlocks.csproj", "{14935D3D-75D9-483A-B64B-B11E901DEC66}"
EndProject
Project("{E53339B2-1760-4266-BCC7-CA923CBCF16C}") = "docker-compose", "docker-compose.dcproj", "{DB1B77FD-DF68-4F73-807F-355EDD5947F5}"
EndProject
Project("{2150E333-8FDC-42A3-9474-1A3956D46DE8}") = "Basket", "Basket", "{2DBCF90F-64B9-4D19-A582-2D6884C04461}"
EndProject
Project("{FAE04EC0-301F-11D3-BF4B-00C04F79EFBC}") = "Basket.API", "Services\Basket\Basket.API\Basket.API.csproj", "{38E0F37F-732B-4973-9AAA-89C342BAE406}"
EndProject
Project("{2150E333-8FDC-42A3-9474-1A3956D46DE8}") = "Discount", "Discount", "{69395CCB-23B4-42AF-9F0F-7BD28B9D1EE1}"
EndProject
Project("{FAE04EC0-301F-11D3-BF4B-00C04F79EFBC}") = "Discount.Grpc", "Services\Discount\Discount.Grpc\Discount.Grpc.csproj", "{FCAD1E98-DBA5-49B8-A437-49D775CC6F3F}"
EndProject
Project("{2150E333-8FDC-42A3-9474-1A3956D46DE8}") = "Ordering", "Ordering", "{25995498-313A-484B-8D1B-7ACF4E970625}"
EndProject
Project("{FAE04EC0-301F-11D3-BF4B-00C04F79EFBC}") = "Ordering.API", "Services\Ordering\Ordering.API\Ordering.API.csproj", "{64C51855-626B-4237-9E5C-DF34802B1DEB}"
EndProject
Project("{FAE04EC0-301F-11D3-BF4B-00C04F79EFBC}") = "Ordering.Domain", "Services\Ordering\Ordering.Domain\Ordering.Domain.csproj", "{8D642C90-5543-47A7-A7DA-3EB94751FC62}"
EndProject
Project("{FAE04EC0-301F-11D3-BF4B-00C04F79EFBC}") = "Ordering.Infrastructure", "Services\Ordering\Ordering.Infrastructure\Ordering.Infrastructure.csproj", "{FD94075C-FAE5-4C5B-945F-42FC0028F90D}"
EndProject
Project("{FAE04EC0-301F-11D3-BF4B-00C04F79EFBC}") = "Ordering.Application", "Services\Ordering\Ordering.Application\Ordering.Application.csproj", "{DD12376F-4CB4-4F17-A17D-406A855E5DB1}"
EndProject
Global
	GlobalSection(SolutionConfigurationPlatforms) = preSolution
		Debug|Any CPU = Debug|Any CPU
		Release|Any CPU = Release|Any CPU
	EndGlobalSection
	GlobalSection(ProjectConfigurationPlatforms) = postSolution
		{62CE5B18-8B76-4A4C-A265-9B579EA1E364}.Debug|Any CPU.ActiveCfg = Debug|Any CPU
		{62CE5B18-8B76-4A4C-A265-9B579EA1E364}.Debug|Any CPU.Build.0 = Debug|Any CPU
		{62CE5B18-8B76-4A4C-A265-9B579EA1E364}.Release|Any CPU.ActiveCfg = Release|Any CPU
		{62CE5B18-8B76-4A4C-A265-9B579EA1E364}.Release|Any CPU.Build.0 = Release|Any CPU
		{14935D3D-75D9-483A-B64B-B11E901DEC66}.Debug|Any CPU.ActiveCfg = Debug|Any CPU
		{14935D3D-75D9-483A-B64B-B11E901DEC66}.Debug|Any CPU.Build.0 = Debug|Any CPU
		{14935D3D-75D9-483A-B64B-B11E901DEC66}.Release|Any CPU.ActiveCfg = Release|Any CPU
		{14935D3D-75D9-483A-B64B-B11E901DEC66}.Release|Any CPU.Build.0 = Release|Any CPU
		{DB1B77FD-DF68-4F73-807F-355EDD5947F5}.Debug|Any CPU.ActiveCfg = Debug|Any CPU
		{DB1B77FD-DF68-4F73-807F-355EDD5947F5}.Debug|Any CPU.Build.0 = Debug|Any CPU
		{DB1B77FD-DF68-4F73-807F-355EDD5947F5}.Release|Any CPU.ActiveCfg = Release|Any CPU
		{DB1B77FD-DF68-4F73-807F-355EDD5947F5}.Release|Any CPU.Build.0 = Release|Any CPU
		{38E0F37F-732B-4973-9AAA-89C342BAE406}.Debug|Any CPU.ActiveCfg = Debug|Any CPU
		{38E0F37F-732B-4973-9AAA-89C342BAE406}.Debug|Any CPU.Build.0 = Debug|Any CPU
		{38E0F37F-732B-4973-9AAA-89C342BAE406}.Release|Any CPU.ActiveCfg = Release|Any CPU
		{38E0F37F-732B-4973-9AAA-89C342BAE406}.Release|Any CPU.Build.0 = Release|Any CPU
		{FCAD1E98-DBA5-49B8-A437-49D775CC6F3F}.Debug|Any CPU.ActiveCfg = Debug|Any CPU
		{FCAD1E98-DBA5-49B8-A437-49D775CC6F3F}.Debug|Any CPU.Build.0 = Debug|Any CPU
		{FCAD1E98-DBA5-49B8-A437-49D775CC6F3F}.Release|Any CPU.ActiveCfg = Release|Any CPU
		{FCAD1E98-DBA5-49B8-A437-49D775CC6F3F}.Release|Any CPU.Build.0 = Release|Any CPU
		{64C51855-626B-4237-9E5C-DF34802B1DEB}.Debug|Any CPU.ActiveCfg = Debug|Any CPU
		{64C51855-626B-4237-9E5C-DF34802B1DEB}.Debug|Any CPU.Build.0 = Debug|Any CPU
		{64C51855-626B-4237-9E5C-DF34802B1DEB}.Release|Any CPU.ActiveCfg = Release|Any CPU
		{64C51855-626B-4237-9E5C-DF34802B1DEB}.Release|Any CPU.Build.0 = Release|Any CPU
		{8D642C90-5543-47A7-A7DA-3EB94751FC62}.Debug|Any CPU.ActiveCfg = Debug|Any CPU
		{8D642C90-5543-47A7-A7DA-3EB94751FC62}.Debug|Any CPU.Build.0 = Debug|Any CPU
		{8D642C90-5543-47A7-A7DA-3EB94751FC62}.Release|Any CPU.ActiveCfg = Release|Any CPU
		{8D642C90-5543-47A7-A7DA-3EB94751FC62}.Release|Any CPU.Build.0 = Release|Any CPU
		{FD94075C-FAE5-4C5B-945F-42FC0028F90D}.Debug|Any CPU.ActiveCfg = Debug|Any CPU
		{FD94075C-FAE5-4C5B-945F-42FC0028F90D}.Debug|Any CPU.Build.0 = Debug|Any CPU
		{FD94075C-FAE5-4C5B-945F-42FC0028F90D}.Release|Any CPU.ActiveCfg = Release|Any CPU
		{FD94075C-FAE5-4C5B-945F-42FC0028F90D}.Release|Any CPU.Build.0 = Release|Any CPU
		{DD12376F-4CB4-4F17-A17D-406A855E5DB1}.Debug|Any CPU.ActiveCfg = Debug|Any CPU
		{DD12376F-4CB4-4F17-A17D-406A855E5DB1}.Debug|Any CPU.Build.0 = Debug|Any CPU
		{DD12376F-4CB4-4F17-A17D-406A855E5DB1}.Release|Any CPU.ActiveCfg = Release|Any CPU
		{DD12376F-4CB4-4F17-A17D-406A855E5DB1}.Release|Any CPU.Build.0 = Release|Any CPU
	EndGlobalSection
	GlobalSection(SolutionProperties) = preSolution
		HideSolutionNode = FALSE
	EndGlobalSection
	GlobalSection(NestedProjects) = preSolution
		{F6578EF7-A884-411A-A4D7-68F748A1E411} = {02EA681E-C7D8-13C7-8484-4AC65E1B71E8}
		{62CE5B18-8B76-4A4C-A265-9B579EA1E364} = {F6578EF7-A884-411A-A4D7-68F748A1E411}
		{14935D3D-75D9-483A-B64B-B11E901DEC66} = {2C794D28-5DF7-4B1D-BDAA-98F7E24B1F78}
		{2DBCF90F-64B9-4D19-A582-2D6884C04461} = {02EA681E-C7D8-13C7-8484-4AC65E1B71E8}
		{38E0F37F-732B-4973-9AAA-89C342BAE406} = {2DBCF90F-64B9-4D19-A582-2D6884C04461}
		{69395CCB-23B4-42AF-9F0F-7BD28B9D1EE1} = {02EA681E-C7D8-13C7-8484-4AC65E1B71E8}
		{FCAD1E98-DBA5-49B8-A437-49D775CC6F3F} = {69395CCB-23B4-42AF-9F0F-7BD28B9D1EE1}
		{25995498-313A-484B-8D1B-7ACF4E970625} = {02EA681E-C7D8-13C7-8484-4AC65E1B71E8}
		{64C51855-626B-4237-9E5C-DF34802B1DEB} = {25995498-313A-484B-8D1B-7ACF4E970625}
		{8D642C90-5543-47A7-A7DA-3EB94751FC62} = {25995498-313A-484B-8D1B-7ACF4E970625}
		{FD94075C-FAE5-4C5B-945F-42FC0028F90D} = {25995498-313A-484B-8D1B-7ACF4E970625}
		{DD12376F-4CB4-4F17-A17D-406A855E5DB1} = {25995498-313A-484B-8D1B-7ACF4E970625}
	EndGlobalSection
	GlobalSection(ExtensibilityGlobals) = postSolution
		SolutionGuid = {121B8971-C6DD-4C83-8C28-58F574E2A61D}
	EndGlobalSection
EndGlobal
